{
  "name": "maya",
  "version": "0.1.0",
  "lockfileVersion": 1,
  "requires": true,
  "dependencies": {
    "fullcalendar-year-view": {
      "version": "0.0.3",
      "resolved": "https://registry.npmjs.org/fullcalendar-year-view/-/fullcalendar-year-view-0.0.3.tgz",
      "integrity": "sha512-vE2nypLek6pqOcBBoIzS/jVxetjShTcguRCN07RKFncOTKACuKlm5iEqkOgu0+2rm4G6c18VKXhfOPzP1+8FZQ=="
    }
  }
}
